
Microsoft Visual Studio Solution File, Format Version 12.00
# Visual Studio Version 16
VisualStudioVersion = 16.0.30611.23
MinimumVisualStudioVersion = 10.0.40219.1
Project("{FAE04EC0-301F-11D3-BF4B-00C04F79EFBC}") = "FitnessApp.Android", "FitnessApp.Android\FitnessApp.Android.csproj", "{5B39153D-FAC3-415A-AD07-264597943AB1}"
EndProject
Project("{FAE04EC0-301F-11D3-BF4B-00C04F79EFBC}") = "FitnessApp.iOS", "FitnessApp.iOS\FitnessApp.iOS.csproj", "{1337E436-2D00-460D-9CC1-6E4EEF4234B2}"
EndProject
Project("{FAE04EC0-301F-11D3-BF4B-00C04F79EFBC}") = "FitnessApp", "FitnessApp\FitnessApp.csproj", "{10224418-5C3A-4AE5-8476-50C14C9CBE32}"
EndProject
Global
	GlobalSection(SolutionConfigurationPlatforms) = preSolution
		Debug|Any CPU = Debug|Any CPU
		Debug|iPhone = Debug|iPhone
		Debug|iPhoneSimulator = Debug|iPhoneSimulator
		Release|Any CPU = Release|Any CPU
		Release|iPhone = Release|iPhone
		Release|iPhoneSimulator = Release|iPhoneSimulator
	EndGlobalSection
	GlobalSection(ProjectConfigurationPlatforms) = postSolution
		{5B39153D-FAC3-415A-AD07-264597943AB1}.Debug|Any CPU.ActiveCfg = Debug|Any CPU
		{5B39153D-FAC3-415A-AD07-264597943AB1}.Debug|Any CPU.Build.0 = Debug|Any CPU
		{5B39153D-FAC3-415A-AD07-264597943AB1}.Debug|Any CPU.Deploy.0 = Debug|Any CPU
		{5B39153D-FAC3-415A-AD07-264597943AB1}.Debug|iPhone.ActiveCfg = Debug|Any CPU
		{5B39153D-FAC3-415A-AD07-264597943AB1}.Debug|iPhone.Build.0 = Debug|Any CPU
		{5B39153D-FAC3-415A-AD07-264597943AB1}.Debug|iPhone.Deploy.0 = Debug|Any CPU
		{5B39153D-FAC3-415A-AD07-264597943AB1}.Debug|iPhoneSimulator.ActiveCfg = Debug|Any CPU
		{5B39153D-FAC3-415A-AD07-264597943AB1}.Debug|iPhoneSimulator.Build.0 = Debug|Any CPU
		{5B39153D-FAC3-415A-AD07-264597943AB1}.Debug|iPhoneSimulator.Deploy.0 = Debug|Any CPU
		{5B39153D-FAC3-415A-AD07-264597943AB1}.Release|Any CPU.ActiveCfg = Release|Any CPU
		{5B39153D-FAC3-415A-AD07-264597943AB1}.Release|Any CPU.Build.0 = Release|Any CPU
		{5B39153D-FAC3-415A-AD07-264597943AB1}.Release|Any CPU.Deploy.0 = Release|Any CPU
		{5B39153D-FAC3-415A-AD07-264597943AB1}.Release|iPhone.ActiveCfg = Release|Any CPU
		{5B39153D-FAC3-415A-AD07-264597943AB1}.Release|iPhone.Build.0 = Release|Any CPU
		{5B39153D-FAC3-415A-AD07-264597943AB1}.Release|iPhone.Deploy.0 = Release|Any CPU
		{5B39153D-FAC3-415A-AD07-264597943AB1}.Release|iPhoneSimulator.ActiveCfg = Release|Any CPU
		{5B39153D-FAC3-415A-AD07-264597943AB1}.Release|iPhoneSimulator.Build.0 = Release|Any CPU
		{5B39153D-FAC3-415A-AD07-264597943AB1}.Release|iPhoneSimulator.Deploy.0 = Release|Any CPU
		{1337E436-2D00-460D-9CC1-6E4EEF4234B2}.Debug|Any CPU.ActiveCfg = Debug|iPhone
		{1337E436-2D00-460D-9CC1-6E4EEF4234B2}.Debug|Any CPU.Build.0 = Debug|iPhone
		{1337E436-2D00-460D-9CC1-6E4EEF4234B2}.Debug|Any CPU.Deploy.0 = Debug|iPhone
		{1337E436-2D00-460D-9CC1-6E4EEF4234B2}.Debug|iPhone.ActiveCfg = Debug|iPhone
		{1337E436-2D00-460D-9CC1-6E4EEF4234B2}.Debug|iPhone.Build.0 = Debug|iPhone
		{1337E436-2D00-460D-9CC1-6E4EEF4234B2}.Debug|iPhone.Deploy.0 = Debug|iPhone
		{1337E436-2D00-460D-9CC1-6E4EEF4234B2}.Debug|iPhoneSimulator.ActiveCfg = Debug|iPhoneSimulator
		{1337E436-2D00-460D-9CC1-6E4EEF4234B2}.Debug|iPhoneSimulator.Build.0 = Debug|iPhoneSimulator
		{1337E436-2D00-460D-9CC1-6E4EEF4234B2}.Debug|iPhoneSimulator.Deploy.0 = Debug|iPhoneSimulator
		{1337E436-2D00-460D-9CC1-6E4EEF4234B2}.Release|Any CPU.ActiveCfg = Release|iPhoneSimulator
		{1337E436-2D00-460D-9CC1-6E4EEF4234B2}.Release|Any CPU.Build.0 = Release|iPhoneSimulator
		{1337E436-2D00-460D-9CC1-6E4EEF4234B2}.Release|Any CPU.Deploy.0 = Release|iPhoneSimulator
		{1337E436-2D00-460D-9CC1-6E4EEF4234B2}.Release|iPhone.ActiveCfg = Release|iPhone
		{1337E436-2D00-460D-9CC1-6E4EEF4234B2}.Release|iPhone.Build.0 = Release|iPhone
		{1337E436-2D00-460D-9CC1-6E4EEF4234B2}.Release|iPhone.Deploy.0 = Release|iPhone
		{1337E436-2D00-460D-9CC1-6E4EEF4234B2}.Release|iPhoneSimulator.ActiveCfg = Release|iPhoneSimulator
		{1337E436-2D00-460D-9CC1-6E4EEF4234B2}.Release|iPhoneSimulator.Build.0 = Release|iPhoneSimulator
		{1337E436-2D00-460D-9CC1-6E4EEF4234B2}.Release|iPhoneSimulator.Deploy.0 = Release|iPhoneSimulator
		{10224418-5C3A-4AE5-8476-50C14C9CBE32}.Debug|Any CPU.ActiveCfg = Debug|Any CPU
		{10224418-5C3A-4AE5-8476-50C14C9CBE32}.Debug|Any CPU.Build.0 = Debug|Any CPU
		{10224418-5C3A-4AE5-8476-50C14C9CBE32}.Debug|Any CPU.Deploy.0 = Debug|Any CPU
		{10224418-5C3A-4AE5-8476-50C14C9CBE32}.Debug|iPhone.ActiveCfg = Debug|Any CPU
		{10224418-5C3A-4AE5-8476-50C14C9CBE32}.Debug|iPhone.Build.0 = Debug|Any CPU
		{10224418-5C3A-4AE5-8476-50C14C9CBE32}.Debug|iPhone.Deploy.0 = Debug|Any CPU
		{10224418-5C3A-4AE5-8476-50C14C9CBE32}.Debug|iPhoneSimulator.ActiveCfg = Debug|Any CPU
		{10224418-5C3A-4AE5-8476-50C14C9CBE32}.Debug|iPhoneSimulator.Build.0 = Debug|Any CPU
		{10224418-5C3A-4AE5-8476-50C14C9CBE32}.Debug|iPhoneSimulator.Deploy.0 = Debug|Any CPU
		{10224418-5C3A-4AE5-8476-50C14C9CBE32}.Release|Any CPU.ActiveCfg = Release|Any CPU
		{10224418-5C3A-4AE5-8476-50C14C9CBE32}.Release|Any CPU.Build.0 = Release|Any CPU
		{10224418-5C3A-4AE5-8476-50C14C9CBE32}.Release|Any CPU.Deploy.0 = Release|Any CPU
		{10224418-5C3A-4AE5-8476-50C14C9CBE32}.Release|iPhone.ActiveCfg = Release|Any CPU
		{10224418-5C3A-4AE5-8476-50C14C9CBE32}.Release|iPhone.Build.0 = Release|Any CPU
		{10224418-5C3A-4AE5-8476-50C14C9CBE32}.Release|iPhone.Deploy.0 = Release|Any CPU
		{10224418-5C3A-4AE5-8476-50C14C9CBE32}.Release|iPhoneSimulator.ActiveCfg = Release|Any CPU
		{10224418-5C3A-4AE5-8476-50C14C9CBE32}.Release|iPhoneSimulator.Build.0 = Release|Any CPU
		{10224418-5C3A-4AE5-8476-50C14C9CBE32}.Release|iPhoneSimulator.Deploy.0 = Release|Any CPU
	EndGlobalSection
	GlobalSection(SolutionProperties) = preSolution
		HideSolutionNode = FALSE
	EndGlobalSection
	GlobalSection(ExtensibilityGlobals) = postSolution
		SolutionGuid = {D4D01FCA-7E14-425D-89E0-7A78923C02FD}
	EndGlobalSection
EndGlobal
